
Microsoft Visual Studio Solution File, Format Version 12.00
# Visual Studio Version 16
VisualStudioVersion = 16.0.33130.400
MinimumVisualStudioVersion = 10.0.40219.1
Project("{8BC9CEB8-8B4A-11D0-8D11-00A0C91BC942}") = "实验2.2栈的链式表示与实现", "实验2.2栈的链式表示与实现\实验2.2栈的链式表示与实现.vcxproj", "{35B1CB37-DB6C-42F2-B961-1434BEB0B42D}"
EndProject
Global
	GlobalSection(SolutionConfigurationPlatforms) = preSolution
		Debug|x64 = Debug|x64
		Debug|x86 = Debug|x86
		Release|x64 = Release|x64
		Release|x86 = Release|x86
	EndGlobalSection
	GlobalSection(ProjectConfigurationPlatforms) = postSolution
		{35B1CB37-DB6C-42F2-B961-1434BEB0B42D}.Debug|x64.ActiveCfg = Debug|x64
		{35B1CB37-DB6C-42F2-B961-1434BEB0B42D}.Debug|x64.Build.0 = Debug|x64
		{35B1CB37-DB6C-42F2-B961-1434BEB0B42D}.Debug|x86.ActiveCfg = Debug|Win32
		{35B1CB37-DB6C-42F2-B961-1434BEB0B42D}.Debug|x86.Build.0 = Debug|Win32
		{35B1CB37-DB6C-42F2-B961-1434BEB0B42D}.Release|x64.ActiveCfg = Release|x64
		{35B1CB37-DB6C-42F2-B961-1434BEB0B42D}.Release|x64.Build.0 = Release|x64
		{35B1CB37-DB6C-42F2-B961-1434BEB0B42D}.Release|x86.ActiveCfg = Release|Win32
		{35B1CB37-DB6C-42F2-B961-1434BEB0B42D}.Release|x86.Build.0 = Release|Win32
	EndGlobalSection
	GlobalSection(SolutionProperties) = preSolution
		HideSolutionNode = FALSE
	EndGlobalSection
	GlobalSection(ExtensibilityGlobals) = postSolution
		SolutionGuid = {4D9AC4D9-46F1-4A6E-98A7-9145ACB0D0C8}
	EndGlobalSection
EndGlobal
